
Microsoft Visual Studio Solution File, Format Version 12.00
# Visual Studio Version 17
VisualStudioVersion = 17.8.34330.188
MinimumVisualStudioVersion = 10.0.40219.1
Project("{FAE04EC0-301F-11D3-BF4B-00C04F79EFBC}") = "WpfApp1", "WpfApp1\WpfApp1.csproj", "{7419B9AD-03EF-43A4-BCE8-3379BF3BFB56}"
EndProject
Project("{2150E333-8FDC-42A3-9474-1A3956D46DE8}") = "Infrastructure", "Infrastructure", "{47DA0C32-566D-4D33-B462-6DE1ABB8D581}"
EndProject
Project("{FAE04EC0-301F-11D3-BF4B-00C04F79EFBC}") = "Network", "Network\Network.csproj", "{B102A900-1974-4755-90AB-AA39C4CD8AC9}"
EndProject
Global
	GlobalSection(SolutionConfigurationPlatforms) = preSolution
		Debug|Any CPU = Debug|Any CPU
		Release|Any CPU = Release|Any CPU
	EndGlobalSection
	GlobalSection(ProjectConfigurationPlatforms) = postSolution
		{7419B9AD-03EF-43A4-BCE8-3379BF3BFB56}.Debug|Any CPU.ActiveCfg = Debug|Any CPU
		{7419B9AD-03EF-43A4-BCE8-3379BF3BFB56}.Debug|Any CPU.Build.0 = Debug|Any CPU
		{7419B9AD-03EF-43A4-BCE8-3379BF3BFB56}.Release|Any CPU.ActiveCfg = Release|Any CPU
		{7419B9AD-03EF-43A4-BCE8-3379BF3BFB56}.Release|Any CPU.Build.0 = Release|Any CPU
		{B102A900-1974-4755-90AB-AA39C4CD8AC9}.Debug|Any CPU.ActiveCfg = Debug|Any CPU
		{B102A900-1974-4755-90AB-AA39C4CD8AC9}.Debug|Any CPU.Build.0 = Debug|Any CPU
		{B102A900-1974-4755-90AB-AA39C4CD8AC9}.Release|Any CPU.ActiveCfg = Release|Any CPU
		{B102A900-1974-4755-90AB-AA39C4CD8AC9}.Release|Any CPU.Build.0 = Release|Any CPU
	EndGlobalSection
	GlobalSection(SolutionProperties) = preSolution
		HideSolutionNode = FALSE
	EndGlobalSection
	GlobalSection(NestedProjects) = preSolution
		{B102A900-1974-4755-90AB-AA39C4CD8AC9} = {47DA0C32-566D-4D33-B462-6DE1ABB8D581}
	EndGlobalSection
	GlobalSection(ExtensibilityGlobals) = postSolution
		SolutionGuid = {9B86CA22-DC24-492F-82AD-489339CD898E}
	EndGlobalSection
EndGlobal
